
Microsoft Visual Studio Solution File, Format Version 12.00
# Visual Studio 2012
Project("{E24C65DC-7377-472B-9ABA-BC803B73C61A}") = "troyhuntblog", ".", "{2CFA7E12-5F1E-49B8-9AEA-D0333013B648}"
	ProjectSection(WebsiteProperties) = preProject
		TargetFrameworkMoniker = ".NETFramework,Version%3Dv4.0"
		Debug.AspNetCompiler.VirtualPath = "/troyhuntblog"
		Debug.AspNetCompiler.PhysicalPath = "..\..\..\GitHub\troyhuntblog\"
		Debug.AspNetCompiler.TargetPath = "PrecompiledWeb\troyhuntblog\"
		Debug.AspNetCompiler.Updateable = "true"
		Debug.AspNetCompiler.ForceOverwrite = "true"
		Debug.AspNetCompiler.FixedNames = "false"
		Debug.AspNetCompiler.Debug = "True"
		Release.AspNetCompiler.VirtualPath = "/troyhuntblog"
		Release.AspNetCompiler.PhysicalPath = "..\..\..\GitHub\troyhuntblog\"
		Release.AspNetCompiler.TargetPath = "PrecompiledWeb\troyhuntblog\"
		Release.AspNetCompiler.Updateable = "true"
		Release.AspNetCompiler.ForceOverwrite = "true"
		Release.AspNetCompiler.FixedNames = "false"
		Release.AspNetCompiler.Debug = "False"
		VWDPort = "14263"
	EndProjectSection
EndProject
Global
	GlobalSection(SolutionConfigurationPlatforms) = preSolution
		Debug|Any CPU = Debug|Any CPU
	EndGlobalSection
	GlobalSection(ProjectConfigurationPlatforms) = postSolution
		{2CFA7E12-5F1E-49B8-9AEA-D0333013B648}.Debug|Any CPU.ActiveCfg = Debug|Any CPU
		{2CFA7E12-5F1E-49B8-9AEA-D0333013B648}.Debug|Any CPU.Build.0 = Debug|Any CPU
	EndGlobalSection
	GlobalSection(SolutionProperties) = preSolution
		HideSolutionNode = FALSE
	EndGlobalSection
EndGlobal
